
Microsoft Visual Studio Solution File, Format Version 12.00
# Visual Studio Version 17
VisualStudioVersion = 17.11.35312.102
MinimumVisualStudioVersion = 10.0.40219.1
Project("{FAE04EC0-301F-11D3-BF4B-00C04F79EFBC}") = "ConsoleApp15", "ConsoleApp15\ConsoleApp15.csproj", "{88BD7952-B51B-46B1-AA1C-58147F909945}"
EndProject
Global
	GlobalSection(SolutionConfigurationPlatforms) = preSolution
		Debug|Any CPU = Debug|Any CPU
		Release|Any CPU = Release|Any CPU
	EndGlobalSection
	GlobalSection(ProjectConfigurationPlatforms) = postSolution
		{88BD7952-B51B-46B1-AA1C-58147F909945}.Debug|Any CPU.ActiveCfg = Debug|Any CPU
		{88BD7952-B51B-46B1-AA1C-58147F909945}.Debug|Any CPU.Build.0 = Debug|Any CPU
		{88BD7952-B51B-46B1-AA1C-58147F909945}.Release|Any CPU.ActiveCfg = Release|Any CPU
		{88BD7952-B51B-46B1-AA1C-58147F909945}.Release|Any CPU.Build.0 = Release|Any CPU
	EndGlobalSection
	GlobalSection(SolutionProperties) = preSolution
		HideSolutionNode = FALSE
	EndGlobalSection
	GlobalSection(ExtensibilityGlobals) = postSolution
		SolutionGuid = {61C5781A-95A7-40C8-8F0B-6369C8EA7956}
	EndGlobalSection
EndGlobal
